<?xml version="1.0" encoding="utf-8"?>
<Project ToolsVersion="4.0" xmlns="http://schemas.microsoft.com/developer/msbuild/2003">
  <ItemGroup>
    <ClCompile Include="..\..\basic-tutorial-8.c" />
    <ClCompile Include="..\..\AudioSrc.cpp" />
    <ClCompile Include="..\..\AudioCapture.cpp" />
    <ClCompile Include="..\..\AudioPlayer.cpp" />
    <ClCompile Include="..\..\play_ogg.cpp" />
    <ClCompile Include="..\..\SoupServer.cpp" />
    <ClCompile Include="..\..\SimpleClient.cpp" />
  </ItemGroup>
  <ItemGroup>
    <ClInclude Include="..\..\AudioSrc.h" />
    <ClInclude Include="..\..\AudioCapture.h" />
    <ClInclude Include="..\..\AudioPlayer.h" />
    <ClInclude Include="..\..\play_ogg.h" />
    <ClInclude Include="..\..\SoupServer.h" />
    <ClInclude Include="..\..\SimpleClient.h" />
  </ItemGroup>
</Project>